// !$*UTF8*$!
{
	archiveVersion = 1;
	classes = {
	};
	objectVersion = 52;
	objects = {

/* Begin PBXBuildFile section */
		7647E9AF25B050DD00469194 /* LazyView.swift in Sources */ = {isa = PBXBuildFile; fileRef = 7647E9AE25B050DD00469194 /* LazyView.swift */; };
		7647E9B425B0529100469194 /* ViewState.swift in Sources */ = {isa = PBXBuildFile; fileRef = 7647E9B325B0529100469194 /* ViewState.swift */; };
		7647E9B925B05BA600469194 /* CountryDetailsRow.swift in Sources */ = {isa = PBXBuildFile; fileRef = 7647E9B825B05BA600469194 /* CountryDetailsRow.swift */; };
		7647E9BE25B1871C00469194 /* MapView.swift in Sources */ = {isa = PBXBuildFile; fileRef = 7647E9BD25B1871C00469194 /* MapView.swift */; };
		7647E9D225B2CA6B00469194 /* Constants.swift in Sources */ = {isa = PBXBuildFile; fileRef = 7647E9D125B2CA6B00469194 /* Constants.swift */; };
		76504E6925C954600056801C /* SDWebImageSwiftUI in Frameworks */ = {isa = PBXBuildFile; productRef = 76504E6825C954600056801C /* SDWebImageSwiftUI */; };
		76504E8225C954D00056801C /* SDWebImageSwiftUI in Frameworks */ = {isa = PBXBuildFile; productRef = 76504E8125C954D00056801C /* SDWebImageSwiftUI */; };
		76504E8F25C955310056801C /* SDWebImageSVGCoder in Frameworks */ = {isa = PBXBuildFile; productRef = 76504E8E25C955310056801C /* SDWebImageSVGCoder */; };
		76504E9625C9553D0056801C /* SDWebImageSVGCoder in Frameworks */ = {isa = PBXBuildFile; productRef = 76504E9525C9553D0056801C /* SDWebImageSVGCoder */; };
		766D48EB25AF571B0090B4E9 /* CountryDetailsView.swift in Sources */ = {isa = PBXBuildFile; fileRef = 766D48EA25AF571B0090B4E9 /* CountryDetailsView.swift */; };
		76BD130625AEFB3D00446F0E /* MockResponses.swift in Sources */ = {isa = PBXBuildFile; fileRef = 76BD130525AEFB3D00446F0E /* MockResponses.swift */; };
		76BD130F25AEFBDF00446F0E /* CountryDetailsTests.swift in Sources */ = {isa = PBXBuildFile; fileRef = 76BD130E25AEFBDF00446F0E /* CountryDetailsTests.swift */; };
		76BD131725AEFBFD00446F0E /* CountryDetailsMockNetworkManager.swift in Sources */ = {isa = PBXBuildFile; fileRef = 76BD131625AEFBFD00446F0E /* CountryDetailsMockNetworkManager.swift */; };
		76BD131D25AEFCA500446F0E /* Helpers.swift in Sources */ = {isa = PBXBuildFile; fileRef = 76BD131C25AEFCA500446F0E /* Helpers.swift */; };
		76BD132725AF042800446F0E /* CountryListRow.swift in Sources */ = {isa = PBXBuildFile; fileRef = 76BD132625AF042800446F0E /* CountryListRow.swift */; };
		76BD132C25AF07F200446F0E /* CountryListView.swift in Sources */ = {isa = PBXBuildFile; fileRef = 76BD132B25AF07F200446F0E /* CountryListView.swift */; };
		76BD133225AF290300446F0E /* SearchBar.swift in Sources */ = {isa = PBXBuildFile; fileRef = 76BD133125AF290300446F0E /* SearchBar.swift */; };
		76E0DD9B25C4B34D00F2F75B /* Assets.xcassets in Resources */ = {isa = PBXBuildFile; fileRef = 76E0DD9A25C4B34D00F2F75B /* Assets.xcassets */; };
		76E0DDA225C4B34D00F2F75B /* CountrySearch Extension.appex in Embed App Extensions */ = {isa = PBXBuildFile; fileRef = 76E0DDA125C4B34D00F2F75B /* CountrySearch Extension.appex */; settings = {ATTRIBUTES = (RemoveHeadersOnCopy, ); }; };
		76E0DDA925C4B34D00F2F75B /* ContentView.swift in Sources */ = {isa = PBXBuildFile; fileRef = 76E0DDA825C4B34D00F2F75B /* ContentView.swift */; };
		76E0DDAB25C4B34D00F2F75B /* NotificationController.swift in Sources */ = {isa = PBXBuildFile; fileRef = 76E0DDAA25C4B34D00F2F75B /* NotificationController.swift */; };
		76E0DDAD25C4B34D00F2F75B /* NotificationView.swift in Sources */ = {isa = PBXBuildFile; fileRef = 76E0DDAC25C4B34D00F2F75B /* NotificationView.swift */; };
		76E0DDAF25C4B34D00F2F75B /* ComplicationController.swift in Sources */ = {isa = PBXBuildFile; fileRef = 76E0DDAE25C4B34D00F2F75B /* ComplicationController.swift */; };
		76E0DDB125C4B34E00F2F75B /* Assets.xcassets in Resources */ = {isa = PBXBuildFile; fileRef = 76E0DDB025C4B34E00F2F75B /* Assets.xcassets */; };
		76E0DDB425C4B34E00F2F75B /* Preview Assets.xcassets in Resources */ = {isa = PBXBuildFile; fileRef = 76E0DDB325C4B34E00F2F75B /* Preview Assets.xcassets */; };
		76E0DDB925C4B34E00F2F75B /* CountrySearch.app in Embed Watch Content */ = {isa = PBXBuildFile; fileRef = 76E0DD9825C4B34B00F2F75B /* CountrySearch.app */; settings = {ATTRIBUTES = (RemoveHeadersOnCopy, ); }; };
		76E0DDCC25C4B39600F2F75B /* CountrySearchWithSwiftUIApp.swift in Sources */ = {isa = PBXBuildFile; fileRef = 76F4AF8925ACF9BF009C82B0 /* CountrySearchWithSwiftUIApp.swift */; };
		76E0DDD225C4B3A000F2F75B /* Assets.xcassets in Resources */ = {isa = PBXBuildFile; fileRef = 76F4AF8D25ACF9C0009C82B0 /* Assets.xcassets */; };
		76E0DDD825C4B3A900F2F75B /* MapView.swift in Sources */ = {isa = PBXBuildFile; fileRef = 7647E9BD25B1871C00469194 /* MapView.swift */; };
		76E0DDE325C4B3D100F2F75B /* LazyView.swift in Sources */ = {isa = PBXBuildFile; fileRef = 7647E9AE25B050DD00469194 /* LazyView.swift */; };
		76E0DDE425C4B3D100F2F75B /* Constants.swift in Sources */ = {isa = PBXBuildFile; fileRef = 7647E9D125B2CA6B00469194 /* Constants.swift */; };
		76E0DDE525C4B3D100F2F75B /* APIRouter.swift in Sources */ = {isa = PBXBuildFile; fileRef = 76F4AFC225ACF9E5009C82B0 /* APIRouter.swift */; };
		76E0DDE625C4B3D100F2F75B /* Errors.swift in Sources */ = {isa = PBXBuildFile; fileRef = 76F4B00625ADB0B0009C82B0 /* Errors.swift */; };
		76E0DDE725C4B3D100F2F75B /* Helpers.swift in Sources */ = {isa = PBXBuildFile; fileRef = 76BD131C25AEFCA500446F0E /* Helpers.swift */; };
		76E0DDE825C4B3D100F2F75B /* ViewState.swift in Sources */ = {isa = PBXBuildFile; fileRef = 7647E9B325B0529100469194 /* ViewState.swift */; };
		76E0DDE925C4B3D100F2F75B /* BaseViewModel.swift in Sources */ = {isa = PBXBuildFile; fileRef = 76F4AFFA25ADAC4E009C82B0 /* BaseViewModel.swift */; };
		76E0DDEA25C4B3D100F2F75B /* NetworkDataManager.swift in Sources */ = {isa = PBXBuildFile; fileRef = 76F4AFC125ACF9E5009C82B0 /* NetworkDataManager.swift */; };
		76E0DDEB25C4B3D100F2F75B /* NetworkManagerProtocol.swift in Sources */ = {isa = PBXBuildFile; fileRef = 76F4AFC425ACF9E5009C82B0 /* NetworkManagerProtocol.swift */; };
		76E0DDF125C4B3F600F2F75B /* CountryListView.swift in Sources */ = {isa = PBXBuildFile; fileRef = 76BD132B25AF07F200446F0E /* CountryListView.swift */; };
		76E0DDF725C4B3FC00F2F75B /* CountryDetailsView.swift in Sources */ = {isa = PBXBuildFile; fileRef = 766D48EA25AF571B0090B4E9 /* CountryDetailsView.swift */; };
		76E0DDFD25C4B40C00F2F75B /* RegionalBlocs.swift in Sources */ = {isa = PBXBuildFile; fileRef = 76F4B01225ADB45E009C82B0 /* RegionalBlocs.swift */; };
		76E0DDFE25C4B40C00F2F75B /* CountrySearchViewModel.swift in Sources */ = {isa = PBXBuildFile; fileRef = 76F4B02025ADB559009C82B0 /* CountrySearchViewModel.swift */; };
		76E0DDFF25C4B40C00F2F75B /* CountryDetailsViewModel.swift in Sources */ = {isa = PBXBuildFile; fileRef = 76F4B04025ADBBFB009C82B0 /* CountryDetailsViewModel.swift */; };
		76E0DE0025C4B40C00F2F75B /* CountryDataDisplayModel.swift in Sources */ = {isa = PBXBuildFile; fileRef = 76F4B02925ADB7EC009C82B0 /* CountryDataDisplayModel.swift */; };
		76E0DE0125C4B40C00F2F75B /* CountryData.swift in Sources */ = {isa = PBXBuildFile; fileRef = 76F4B01425ADB45E009C82B0 /* CountryData.swift */; };
		76E0DE0225C4B40C00F2F75B /* Country.swift in Sources */ = {isa = PBXBuildFile; fileRef = 76F4B03625ADB835009C82B0 /* Country.swift */; };
		76E0DE0325C4B40C00F2F75B /* Translations.swift in Sources */ = {isa = PBXBuildFile; fileRef = 76F4B01625ADB45E009C82B0 /* Translations.swift */; };
		76E0DE0425C4B40C00F2F75B /* Languages.swift in Sources */ = {isa = PBXBuildFile; fileRef = 76F4B01325ADB45E009C82B0 /* Languages.swift */; };
		76E0DE0525C4B40C00F2F75B /* Currencies.swift in Sources */ = {isa = PBXBuildFile; fileRef = 76F4B01525ADB45E009C82B0 /* Currencies.swift */; };
		76E0DE0B25C4B41300F2F75B /* Persistence.swift in Sources */ = {isa = PBXBuildFile; fileRef = 76F4AF9225ACF9C0009C82B0 /* Persistence.swift */; };
		76E0DE1125C4B41700F2F75B /* CountrySearchWithSwiftUI.xcdatamodeld in Sources */ = {isa = PBXBuildFile; fileRef = 76F4AF9425ACF9C0009C82B0 /* CountrySearchWithSwiftUI.xcdatamodeld */; };
		76E0DE1825C4B46400F2F75B /* Alamofire in Frameworks */ = {isa = PBXBuildFile; productRef = 76E0DE1725C4B46400F2F75B /* Alamofire */; };
		76E0DE3425C4B5A300F2F75B /* CountryDetailsRow.swift in Sources */ = {isa = PBXBuildFile; fileRef = 7647E9B825B05BA600469194 /* CountryDetailsRow.swift */; };
		76E0DE3A25C4B5AE00F2F75B /* CountryListRow.swift in Sources */ = {isa = PBXBuildFile; fileRef = 76BD132625AF042800446F0E /* CountryListRow.swift */; };
		76F4AF8A25ACF9BF009C82B0 /* CountrySearchWithSwiftUIApp.swift in Sources */ = {isa = PBXBuildFile; fileRef = 76F4AF8925ACF9BF009C82B0 /* CountrySearchWithSwiftUIApp.swift */; };
		76F4AF8C25ACF9BF009C82B0 /* ContentView.swift in Sources */ = {isa = PBXBuildFile; fileRef = 76F4AF8B25ACF9BF009C82B0 /* ContentView.swift */; };
		76F4AF8E25ACF9C0009C82B0 /* Assets.xcassets in Resources */ = {isa = PBXBuildFile; fileRef = 76F4AF8D25ACF9C0009C82B0 /* Assets.xcassets */; };
		76F4AF9125ACF9C0009C82B0 /* Preview Assets.xcassets in Resources */ = {isa = PBXBuildFile; fileRef = 76F4AF9025ACF9C0009C82B0 /* Preview Assets.xcassets */; };
		76F4AF9325ACF9C0009C82B0 /* Persistence.swift in Sources */ = {isa = PBXBuildFile; fileRef = 76F4AF9225ACF9C0009C82B0 /* Persistence.swift */; };
		76F4AF9625ACF9C0009C82B0 /* CountrySearchWithSwiftUI.xcdatamodeld in Sources */ = {isa = PBXBuildFile; fileRef = 76F4AF9425ACF9C0009C82B0 /* CountrySearchWithSwiftUI.xcdatamodeld */; };
		76F4AFA125ACF9C0009C82B0 /* CountrySearchWithSwiftUITests.swift in Sources */ = {isa = PBXBuildFile; fileRef = 76F4AFA025ACF9C0009C82B0 /* CountrySearchWithSwiftUITests.swift */; };
		76F4AFAC25ACF9C0009C82B0 /* CountrySearchWithSwiftUIUITests.swift in Sources */ = {isa = PBXBuildFile; fileRef = 76F4AFAB25ACF9C0009C82B0 /* CountrySearchWithSwiftUIUITests.swift */; };
		76F4AFC525ACF9E5009C82B0 /* NetworkDataManager.swift in Sources */ = {isa = PBXBuildFile; fileRef = 76F4AFC125ACF9E5009C82B0 /* NetworkDataManager.swift */; };
		76F4AFC625ACF9E5009C82B0 /* APIRouter.swift in Sources */ = {isa = PBXBuildFile; fileRef = 76F4AFC225ACF9E5009C82B0 /* APIRouter.swift */; };
		76F4AFC725ACF9E5009C82B0 /* NetworkManagerProtocol.swift in Sources */ = {isa = PBXBuildFile; fileRef = 76F4AFC425ACF9E5009C82B0 /* NetworkManagerProtocol.swift */; };
		76F4AFCE25ACFA44009C82B0 /* Alamofire in Frameworks */ = {isa = PBXBuildFile; productRef = 76F4AFCD25ACFA44009C82B0 /* Alamofire */; };
		76F4AFFB25ADAC4E009C82B0 /* BaseViewModel.swift in Sources */ = {isa = PBXBuildFile; fileRef = 76F4AFFA25ADAC4E009C82B0 /* BaseViewModel.swift */; };
		76F4B00725ADB0B0009C82B0 /* Errors.swift in Sources */ = {isa = PBXBuildFile; fileRef = 76F4B00625ADB0B0009C82B0 /* Errors.swift */; };
		76F4B01725ADB45E009C82B0 /* RegionalBlocs.swift in Sources */ = {isa = PBXBuildFile; fileRef = 76F4B01225ADB45E009C82B0 /* RegionalBlocs.swift */; };
		76F4B01825ADB45E009C82B0 /* Languages.swift in Sources */ = {isa = PBXBuildFile; fileRef = 76F4B01325ADB45E009C82B0 /* Languages.swift */; };
		76F4B01925ADB45E009C82B0 /* CountryData.swift in Sources */ = {isa = PBXBuildFile; fileRef = 76F4B01425ADB45E009C82B0 /* CountryData.swift */; };
		76F4B01A25ADB45E009C82B0 /* Currencies.swift in Sources */ = {isa = PBXBuildFile; fileRef = 76F4B01525ADB45E009C82B0 /* Currencies.swift */; };
		76F4B01B25ADB45E009C82B0 /* Translations.swift in Sources */ = {isa = PBXBuildFile; fileRef = 76F4B01625ADB45E009C82B0 /* Translations.swift */; };
		76F4B02125ADB559009C82B0 /* CountrySearchViewModel.swift in Sources */ = {isa = PBXBuildFile; fileRef = 76F4B02025ADB559009C82B0 /* CountrySearchViewModel.swift */; };
		76F4B02A25ADB7EC009C82B0 /* CountryDataDisplayModel.swift in Sources */ = {isa = PBXBuildFile; fileRef = 76F4B02925ADB7EC009C82B0 /* CountryDataDisplayModel.swift */; };
		76F4B03725ADB835009C82B0 /* Country.swift in Sources */ = {isa = PBXBuildFile; fileRef = 76F4B03625ADB835009C82B0 /* Country.swift */; };
		76F4B04125ADBBFC009C82B0 /* CountryDetailsViewModel.swift in Sources */ = {isa = PBXBuildFile; fileRef = 76F4B04025ADBBFB009C82B0 /* CountryDetailsViewModel.swift */; };
/* End PBXBuildFile section */

/* Begin PBXContainerItemProxy section */
		76E0DDA325C4B34D00F2F75B /* PBXContainerItemProxy */ = {
			isa = PBXContainerItemProxy;
			containerPortal = 76F4AF7E25ACF9BF009C82B0 /* Project object */;
			proxyType = 1;
			remoteGlobalIDString = 76E0DDA025C4B34D00F2F75B;
			remoteInfo = "CountrySearch Extension";
		};
		76E0DDB725C4B34E00F2F75B /* PBXContainerItemProxy */ = {
			isa = PBXContainerItemProxy;
			containerPortal = 76F4AF7E25ACF9BF009C82B0 /* Project object */;
			proxyType = 1;
			remoteGlobalIDString = 76E0DD9725C4B34B00F2F75B;
			remoteInfo = CountrySearch;
		};
		76F4AF9D25ACF9C0009C82B0 /* PBXContainerItemProxy */ = {
			isa = PBXContainerItemProxy;
			containerPortal = 76F4AF7E25ACF9BF009C82B0 /* Project object */;
			proxyType = 1;
			remoteGlobalIDString = 76F4AF8525ACF9BF009C82B0;
			remoteInfo = CountrySearchWithSwiftUI;
		};
		76F4AFA825ACF9C0009C82B0 /* PBXContainerItemProxy */ = {
			isa = PBXContainerItemProxy;
			containerPortal = 76F4AF7E25ACF9BF009C82B0 /* Project object */;
			proxyType = 1;
			remoteGlobalIDString = 76F4AF8525ACF9BF009C82B0;
			remoteInfo = CountrySearchWithSwiftUI;
		};
/* End PBXContainerItemProxy section */

/* Begin PBXCopyFilesBuildPhase section */
		76E0DDBA25C4B34E00F2F75B /* Embed Watch Content */ = {
			isa = PBXCopyFilesBuildPhase;
			buildActionMask = 2147483647;
			dstPath = "$(CONTENTS_FOLDER_PATH)/Watch";
			dstSubfolderSpec = 16;
			files = (
				76E0DDB925C4B34E00F2F75B /* CountrySearch.app in Embed Watch Content */,
			);
			name = "Embed Watch Content";
			runOnlyForDeploymentPostprocessing = 0;
		};
		76E0DDBD25C4B34E00F2F75B /* Embed App Extensions */ = {
			isa = PBXCopyFilesBuildPhase;
			buildActionMask = 2147483647;
			dstPath = "";
			dstSubfolderSpec = 13;
			files = (
				76E0DDA225C4B34D00F2F75B /* CountrySearch Extension.appex in Embed App Extensions */,
			);
			name = "Embed App Extensions";
			runOnlyForDeploymentPostprocessing = 0;
		};
/* End PBXCopyFilesBuildPhase section */

/* Begin PBXFileReference section */
		7647E9AE25B050DD00469194 /* LazyView.swift */ = {isa = PBXFileReference; lastKnownFileType = sourcecode.swift; path = LazyView.swift; sourceTree = "<group>"; };
		7647E9B325B0529100469194 /* ViewState.swift */ = {isa = PBXFileReference; lastKnownFileType = sourcecode.swift; path = ViewState.swift; sourceTree = "<group>"; };
		7647E9B825B05BA600469194 /* CountryDetailsRow.swift */ = {isa = PBXFileReference; lastKnownFileType = sourcecode.swift; path = CountryDetailsRow.swift; sourceTree = "<group>"; };
		7647E9BD25B1871C00469194 /* MapView.swift */ = {isa = PBXFileReference; lastKnownFileType = sourcecode.swift; path = MapView.swift; sourceTree = "<group>"; };
		7647E9CB25B1E6AC00469194 /* SVGView.swift */ = {isa = PBXFileReference; lastKnownFileType = sourcecode.swift; path = SVGView.swift; sourceTree = "<group>"; };
		7647E9D125B2CA6B00469194 /* Constants.swift */ = {isa = PBXFileReference; lastKnownFileType = sourcecode.swift; path = Constants.swift; sourceTree = "<group>"; };
		766D48EA25AF571B0090B4E9 /* CountryDetailsView.swift */ = {isa = PBXFileReference; lastKnownFileType = sourcecode.swift; path = CountryDetailsView.swift; sourceTree = "<group>"; };
		76BD130525AEFB3D00446F0E /* MockResponses.swift */ = {isa = PBXFileReference; lastKnownFileType = sourcecode.swift; path = MockResponses.swift; sourceTree = "<group>"; };
		76BD130E25AEFBDF00446F0E /* CountryDetailsTests.swift */ = {isa = PBXFileReference; lastKnownFileType = sourcecode.swift; path = CountryDetailsTests.swift; sourceTree = "<group>"; };
		76BD131625AEFBFD00446F0E /* CountryDetailsMockNetworkManager.swift */ = {isa = PBXFileReference; lastKnownFileType = sourcecode.swift; path = CountryDetailsMockNetworkManager.swift; sourceTree = "<group>"; };
		76BD131C25AEFCA500446F0E /* Helpers.swift */ = {isa = PBXFileReference; lastKnownFileType = sourcecode.swift; path = Helpers.swift; sourceTree = "<group>"; };
		76BD132625AF042800446F0E /* CountryListRow.swift */ = {isa = PBXFileReference; lastKnownFileType = sourcecode.swift; path = CountryListRow.swift; sourceTree = "<group>"; };
		76BD132B25AF07F200446F0E /* CountryListView.swift */ = {isa = PBXFileReference; lastKnownFileType = sourcecode.swift; path = CountryListView.swift; sourceTree = "<group>"; };
		76BD133125AF290300446F0E /* SearchBar.swift */ = {isa = PBXFileReference; lastKnownFileType = sourcecode.swift; path = SearchBar.swift; sourceTree = "<group>"; };
		76E0DD9825C4B34B00F2F75B /* CountrySearch.app */ = {isa = PBXFileReference; explicitFileType = wrapper.application; includeInIndex = 0; path = CountrySearch.app; sourceTree = BUILT_PRODUCTS_DIR; };
		76E0DD9A25C4B34D00F2F75B /* Assets.xcassets */ = {isa = PBXFileReference; lastKnownFileType = folder.assetcatalog; path = Assets.xcassets; sourceTree = "<group>"; };
		76E0DD9C25C4B34D00F2F75B /* Info.plist */ = {isa = PBXFileReference; lastKnownFileType = text.plist.xml; path = Info.plist; sourceTree = "<group>"; };
		76E0DDA125C4B34D00F2F75B /* CountrySearch Extension.appex */ = {isa = PBXFileReference; explicitFileType = "wrapper.app-extension"; includeInIndex = 0; path = "CountrySearch Extension.appex"; sourceTree = BUILT_PRODUCTS_DIR; };
		76E0DDA825C4B34D00F2F75B /* ContentView.swift */ = {isa = PBXFileReference; lastKnownFileType = sourcecode.swift; path = ContentView.swift; sourceTree = "<group>"; };
		76E0DDAA25C4B34D00F2F75B /* NotificationController.swift */ = {isa = PBXFileReference; lastKnownFileType = sourcecode.swift; path = NotificationController.swift; sourceTree = "<group>"; };
		76E0DDAC25C4B34D00F2F75B /* NotificationView.swift */ = {isa = PBXFileReference; lastKnownFileType = sourcecode.swift; path = NotificationView.swift; sourceTree = "<group>"; };
		76E0DDAE25C4B34D00F2F75B /* ComplicationController.swift */ = {isa = PBXFileReference; lastKnownFileType = sourcecode.swift; path = ComplicationController.swift; sourceTree = "<group>"; };
		76E0DDB025C4B34E00F2F75B /* Assets.xcassets */ = {isa = PBXFileReference; lastKnownFileType = folder.assetcatalog; path = Assets.xcassets; sourceTree = "<group>"; };
		76E0DDB325C4B34E00F2F75B /* Preview Assets.xcassets */ = {isa = PBXFileReference; lastKnownFileType = folder.assetcatalog; path = "Preview Assets.xcassets"; sourceTree = "<group>"; };
		76E0DDB525C4B34E00F2F75B /* Info.plist */ = {isa = PBXFileReference; lastKnownFileType = text.plist.xml; path = Info.plist; sourceTree = "<group>"; };
		76E0DDB625C4B34E00F2F75B /* PushNotificationPayload.apns */ = {isa = PBXFileReference; lastKnownFileType = text; path = PushNotificationPayload.apns; sourceTree = "<group>"; };
		76F4AF8625ACF9BF009C82B0 /* CountrySearchWithSwiftUI.app */ = {isa = PBXFileReference; explicitFileType = wrapper.application; includeInIndex = 0; path = CountrySearchWithSwiftUI.app; sourceTree = BUILT_PRODUCTS_DIR; };
		76F4AF8925ACF9BF009C82B0 /* CountrySearchWithSwiftUIApp.swift */ = {isa = PBXFileReference; lastKnownFileType = sourcecode.swift; path = CountrySearchWithSwiftUIApp.swift; sourceTree = "<group>"; };
		76F4AF8B25ACF9BF009C82B0 /* ContentView.swift */ = {isa = PBXFileReference; lastKnownFileType = sourcecode.swift; path = ContentView.swift; sourceTree = "<group>"; };
		76F4AF8D25ACF9C0009C82B0 /* Assets.xcassets */ = {isa = PBXFileReference; lastKnownFileType = folder.assetcatalog; path = Assets.xcassets; sourceTree = "<group>"; };
		76F4AF9025ACF9C0009C82B0 /* Preview Assets.xcassets */ = {isa = PBXFileReference; lastKnownFileType = folder.assetcatalog; path = "Preview Assets.xcassets"; sourceTree = "<group>"; };
		76F4AF9225ACF9C0009C82B0 /* Persistence.swift */ = {isa = PBXFileReference; lastKnownFileType = sourcecode.swift; path = Persistence.swift; sourceTree = "<group>"; };
		76F4AF9525ACF9C0009C82B0 /* CountrySearchWithSwiftUI.xcdatamodel */ = {isa = PBXFileReference; lastKnownFileType = wrapper.xcdatamodel; path = CountrySearchWithSwiftUI.xcdatamodel; sourceTree = "<group>"; };
		76F4AF9725ACF9C0009C82B0 /* Info.plist */ = {isa = PBXFileReference; lastKnownFileType = text.plist.xml; path = Info.plist; sourceTree = "<group>"; };
		76F4AF9C25ACF9C0009C82B0 /* CountrySearchWithSwiftUITests.xctest */ = {isa = PBXFileReference; explicitFileType = wrapper.cfbundle; includeInIndex = 0; path = CountrySearchWithSwiftUITests.xctest; sourceTree = BUILT_PRODUCTS_DIR; };
		76F4AFA025ACF9C0009C82B0 /* CountrySearchWithSwiftUITests.swift */ = {isa = PBXFileReference; lastKnownFileType = sourcecode.swift; path = CountrySearchWithSwiftUITests.swift; sourceTree = "<group>"; };
		76F4AFA225ACF9C0009C82B0 /* Info.plist */ = {isa = PBXFileReference; lastKnownFileType = text.plist.xml; path = Info.plist; sourceTree = "<group>"; };
		76F4AFA725ACF9C0009C82B0 /* CountrySearchWithSwiftUIUITests.xctest */ = {isa = PBXFileReference; explicitFileType = wrapper.cfbundle; includeInIndex = 0; path = CountrySearchWithSwiftUIUITests.xctest; sourceTree = BUILT_PRODUCTS_DIR; };
		76F4AFAB25ACF9C0009C82B0 /* CountrySearchWithSwiftUIUITests.swift */ = {isa = PBXFileReference; lastKnownFileType = sourcecode.swift; path = CountrySearchWithSwiftUIUITests.swift; sourceTree = "<group>"; };
		76F4AFAD25ACF9C0009C82B0 /* Info.plist */ = {isa = PBXFileReference; lastKnownFileType = text.plist.xml; path = Info.plist; sourceTree = "<group>"; };
		76F4AFC125ACF9E5009C82B0 /* NetworkDataManager.swift */ = {isa = PBXFileReference; fileEncoding = 4; lastKnownFileType = sourcecode.swift; path = NetworkDataManager.swift; sourceTree = "<group>"; };
		76F4AFC225ACF9E5009C82B0 /* APIRouter.swift */ = {isa = PBXFileReference; fileEncoding = 4; lastKnownFileType = sourcecode.swift; path = APIRouter.swift; sourceTree = "<group>"; };
		76F4AFC425ACF9E5009C82B0 /* NetworkManagerProtocol.swift */ = {isa = PBXFileReference; fileEncoding = 4; lastKnownFileType = sourcecode.swift; path = NetworkManagerProtocol.swift; sourceTree = "<group>"; };
		76F4AFFA25ADAC4E009C82B0 /* BaseViewModel.swift */ = {isa = PBXFileReference; lastKnownFileType = sourcecode.swift; path = BaseViewModel.swift; sourceTree = "<group>"; };
		76F4B00625ADB0B0009C82B0 /* Errors.swift */ = {isa = PBXFileReference; lastKnownFileType = sourcecode.swift; path = Errors.swift; sourceTree = "<group>"; };
		76F4B01225ADB45E009C82B0 /* RegionalBlocs.swift */ = {isa = PBXFileReference; fileEncoding = 4; lastKnownFileType = sourcecode.swift; path = RegionalBlocs.swift; sourceTree = "<group>"; };
		76F4B01325ADB45E009C82B0 /* Languages.swift */ = {isa = PBXFileReference; fileEncoding = 4; lastKnownFileType = sourcecode.swift; path = Languages.swift; sourceTree = "<group>"; };
		76F4B01425ADB45E009C82B0 /* CountryData.swift */ = {isa = PBXFileReference; fileEncoding = 4; lastKnownFileType = sourcecode.swift; path = CountryData.swift; sourceTree = "<group>"; };
		76F4B01525ADB45E009C82B0 /* Currencies.swift */ = {isa = PBXFileReference; fileEncoding = 4; lastKnownFileType = sourcecode.swift; path = Currencies.swift; sourceTree = "<group>"; };
		76F4B01625ADB45E009C82B0 /* Translations.swift */ = {isa = PBXFileReference; fileEncoding = 4; lastKnownFileType = sourcecode.swift; path = Translations.swift; sourceTree = "<group>"; };
		76F4B02025ADB559009C82B0 /* CountrySearchViewModel.swift */ = {isa = PBXFileReference; lastKnownFileType = sourcecode.swift; path = CountrySearchViewModel.swift; sourceTree = "<group>"; };
		76F4B02925ADB7EC009C82B0 /* CountryDataDisplayModel.swift */ = {isa = PBXFileReference; lastKnownFileType = sourcecode.swift; path = CountryDataDisplayModel.swift; sourceTree = "<group>"; };
		76F4B03625ADB835009C82B0 /* Country.swift */ = {isa = PBXFileReference; lastKnownFileType = sourcecode.swift; path = Country.swift; sourceTree = "<group>"; };
		76F4B04025ADBBFB009C82B0 /* CountryDetailsViewModel.swift */ = {isa = PBXFileReference; lastKnownFileType = sourcecode.swift; path = CountryDetailsViewModel.swift; sourceTree = "<group>"; };
/* End PBXFileReference section */

/* Begin PBXFrameworksBuildPhase section */
		75A39628D5B276FFF62D147E /* Frameworks */ = {
			isa = PBXFrameworksBuildPhase;
			buildActionMask = 2147483647;
			files = (
			);
			runOnlyForDeploymentPostprocessing = 0;
		};
		76E0DD9E25C4B34D00F2F75B /* Frameworks */ = {
			isa = PBXFrameworksBuildPhase;
			buildActionMask = 2147483647;
			files = (
				76504E9625C9553D0056801C /* SDWebImageSVGCoder in Frameworks */,
				76504E8225C954D00056801C /* SDWebImageSwiftUI in Frameworks */,
				76E0DE1825C4B46400F2F75B /* Alamofire in Frameworks */,
			);
			runOnlyForDeploymentPostprocessing = 0;
		};
		76F4AF8325ACF9BF009C82B0 /* Frameworks */ = {
			isa = PBXFrameworksBuildPhase;
			buildActionMask = 2147483647;
			files = (
				76504E8F25C955310056801C /* SDWebImageSVGCoder in Frameworks */,
				76504E6925C954600056801C /* SDWebImageSwiftUI in Frameworks */,
				76F4AFCE25ACFA44009C82B0 /* Alamofire in Frameworks */,
			);
			runOnlyForDeploymentPostprocessing = 0;
		};
		76F4AF9925ACF9C0009C82B0 /* Frameworks */ = {
			isa = PBXFrameworksBuildPhase;
			buildActionMask = 2147483647;
			files = (
			);
			runOnlyForDeploymentPostprocessing = 0;
		};
		76F4AFA425ACF9C0009C82B0 /* Frameworks */ = {
			isa = PBXFrameworksBuildPhase;
			buildActionMask = 2147483647;
			files = (
			);
			runOnlyForDeploymentPostprocessing = 0;
		};
/* End PBXFrameworksBuildPhase section */

/* Begin PBXGroup section */
		76504E6F25C954730056801C /* Frameworks */ = {
			isa = PBXGroup;
			children = (
			);
			name = Frameworks;
			sourceTree = "<group>";
		};
		76BD130425AEFB2600446F0E /* Common */ = {
			isa = PBXGroup;
			children = (
				76BD130525AEFB3D00446F0E /* MockResponses.swift */,
			);
			path = Common;
			sourceTree = "<group>";
		};
		76BD130D25AEFBB400446F0E /* CountryDetailsTests */ = {
			isa = PBXGroup;
			children = (
				76BD130E25AEFBDF00446F0E /* CountryDetailsTests.swift */,
				76BD131625AEFBFD00446F0E /* CountryDetailsMockNetworkManager.swift */,
			);
			path = CountryDetailsTests;
			sourceTree = "<group>";
		};
		76BD131B25AEFC9700446F0E /* Helpers */ = {
			isa = PBXGroup;
			children = (
				76BD131C25AEFCA500446F0E /* Helpers.swift */,
				7647E9AE25B050DD00469194 /* LazyView.swift */,
				7647E9B325B0529100469194 /* ViewState.swift */,
				7647E9D125B2CA6B00469194 /* Constants.swift */,
			);
			path = Helpers;
			sourceTree = "<group>";
		};
		76BD132425AF03E900446F0E /* Views */ = {
			isa = PBXGroup;
			children = (
				76BD132525AF040400446F0E /* ListRows */,
				76BD132B25AF07F200446F0E /* CountryListView.swift */,
				766D48EA25AF571B0090B4E9 /* CountryDetailsView.swift */,
			);
			path = Views;
			sourceTree = "<group>";
		};
		76BD132525AF040400446F0E /* ListRows */ = {
			isa = PBXGroup;
			children = (
				76BD132625AF042800446F0E /* CountryListRow.swift */,
				7647E9B825B05BA600469194 /* CountryDetailsRow.swift */,
			);
			path = ListRows;
			sourceTree = "<group>";
		};
		76BD133025AF28EE00446F0E /* CustomViews */ = {
			isa = PBXGroup;
			children = (
				76BD133125AF290300446F0E /* SearchBar.swift */,
				7647E9BD25B1871C00469194 /* MapView.swift */,
				7647E9CB25B1E6AC00469194 /* SVGView.swift */,
			);
			path = CustomViews;
			sourceTree = "<group>";
		};
		76E0DD9925C4B34B00F2F75B /* CountrySearch */ = {
			isa = PBXGroup;
			children = (
				76E0DD9A25C4B34D00F2F75B /* Assets.xcassets */,
				76E0DD9C25C4B34D00F2F75B /* Info.plist */,
			);
			path = CountrySearch;
			sourceTree = "<group>";
		};
		76E0DDA525C4B34D00F2F75B /* CountrySearch Extension */ = {
			isa = PBXGroup;
			children = (
				76E0DDA825C4B34D00F2F75B /* ContentView.swift */,
				76E0DDAA25C4B34D00F2F75B /* NotificationController.swift */,
				76E0DDAC25C4B34D00F2F75B /* NotificationView.swift */,
				76E0DDAE25C4B34D00F2F75B /* ComplicationController.swift */,
				76E0DDB025C4B34E00F2F75B /* Assets.xcassets */,
				76E0DDB525C4B34E00F2F75B /* Info.plist */,
				76E0DDB625C4B34E00F2F75B /* PushNotificationPayload.apns */,
				76E0DDB225C4B34E00F2F75B /* Preview Content */,
			);
			path = "CountrySearch Extension";
			sourceTree = "<group>";
		};
		76E0DDB225C4B34E00F2F75B /* Preview Content */ = {
			isa = PBXGroup;
			children = (
				76E0DDB325C4B34E00F2F75B /* Preview Assets.xcassets */,
			);
			path = "Preview Content";
			sourceTree = "<group>";
		};
		76F4AF7D25ACF9BF009C82B0 = {
			isa = PBXGroup;
			children = (
				76F4AF8825ACF9BF009C82B0 /* CountrySearchWithSwiftUI */,
				76F4AF9F25ACF9C0009C82B0 /* CountrySearchWithSwiftUITests */,
				76F4AFAA25ACF9C0009C82B0 /* CountrySearchWithSwiftUIUITests */,
				76E0DD9925C4B34B00F2F75B /* CountrySearch */,
				76E0DDA525C4B34D00F2F75B /* CountrySearch Extension */,
				76F4AF8725ACF9BF009C82B0 /* Products */,
				76504E6F25C954730056801C /* Frameworks */,
			);
			sourceTree = "<group>";
		};
		76F4AF8725ACF9BF009C82B0 /* Products */ = {
			isa = PBXGroup;
			children = (
				76F4AF8625ACF9BF009C82B0 /* CountrySearchWithSwiftUI.app */,
				76F4AF9C25ACF9C0009C82B0 /* CountrySearchWithSwiftUITests.xctest */,
				76F4AFA725ACF9C0009C82B0 /* CountrySearchWithSwiftUIUITests.xctest */,
				76E0DD9825C4B34B00F2F75B /* CountrySearch.app */,
				76E0DDA125C4B34D00F2F75B /* CountrySearch Extension.appex */,
			);
			name = Products;
			sourceTree = "<group>";
		};
		76F4AF8825ACF9BF009C82B0 /* CountrySearchWithSwiftUI */ = {
			isa = PBXGroup;
			children = (
				76F4AFBC25ACF9CE009C82B0 /* Core */,
				76F4AFCB25ACF9EF009C82B0 /* Modules */,
				76F4AF8925ACF9BF009C82B0 /* CountrySearchWithSwiftUIApp.swift */,
				76F4AF8B25ACF9BF009C82B0 /* ContentView.swift */,
				76F4AF8D25ACF9C0009C82B0 /* Assets.xcassets */,
				76F4AF9225ACF9C0009C82B0 /* Persistence.swift */,
				76F4AF9725ACF9C0009C82B0 /* Info.plist */,
				76F4AF9425ACF9C0009C82B0 /* CountrySearchWithSwiftUI.xcdatamodeld */,
				76F4AF8F25ACF9C0009C82B0 /* Preview Content */,
			);
			path = CountrySearchWithSwiftUI;
			sourceTree = "<group>";
		};
		76F4AF8F25ACF9C0009C82B0 /* Preview Content */ = {
			isa = PBXGroup;
			children = (
				76F4AF9025ACF9C0009C82B0 /* Preview Assets.xcassets */,
			);
			path = "Preview Content";
			sourceTree = "<group>";
		};
		76F4AF9F25ACF9C0009C82B0 /* CountrySearchWithSwiftUITests */ = {
			isa = PBXGroup;
			children = (
				76BD130D25AEFBB400446F0E /* CountryDetailsTests */,
				76BD130425AEFB2600446F0E /* Common */,
				76F4AFA025ACF9C0009C82B0 /* CountrySearchWithSwiftUITests.swift */,
				76F4AFA225ACF9C0009C82B0 /* Info.plist */,
			);
			path = CountrySearchWithSwiftUITests;
			sourceTree = "<group>";
		};
		76F4AFAA25ACF9C0009C82B0 /* CountrySearchWithSwiftUIUITests */ = {
			isa = PBXGroup;
			children = (
				76F4AFAB25ACF9C0009C82B0 /* CountrySearchWithSwiftUIUITests.swift */,
				76F4AFAD25ACF9C0009C82B0 /* Info.plist */,
			);
			path = CountrySearchWithSwiftUIUITests;
			sourceTree = "<group>";
		};
		76F4AFBC25ACF9CE009C82B0 /* Core */ = {
			isa = PBXGroup;
			children = (
				76BD133025AF28EE00446F0E /* CustomViews */,
				76BD131B25AEFC9700446F0E /* Helpers */,
				76F4B00525ADB09D009C82B0 /* Models */,
				76F4AFBD25ACF9E5009C82B0 /* ViewModels */,
				76F4AFBF25ACF9E5009C82B0 /* Webservices */,
			);
			path = Core;
			sourceTree = "<group>";
		};
		76F4AFBD25ACF9E5009C82B0 /* ViewModels */ = {
			isa = PBXGroup;
			children = (
				76F4AFFA25ADAC4E009C82B0 /* BaseViewModel.swift */,
			);
			path = ViewModels;
			sourceTree = "<group>";
		};
		76F4AFBF25ACF9E5009C82B0 /* Webservices */ = {
			isa = PBXGroup;
			children = (
				76F4AFC025ACF9E5009C82B0 /* Manager */,
				76F4AFC325ACF9E5009C82B0 /* Protocols */,
			);
			path = Webservices;
			sourceTree = "<group>";
		};
		76F4AFC025ACF9E5009C82B0 /* Manager */ = {
			isa = PBXGroup;
			children = (
				76F4AFC125ACF9E5009C82B0 /* NetworkDataManager.swift */,
				76F4AFC225ACF9E5009C82B0 /* APIRouter.swift */,
			);
			path = Manager;
			sourceTree = "<group>";
		};
		76F4AFC325ACF9E5009C82B0 /* Protocols */ = {
			isa = PBXGroup;
			children = (
				76F4AFC425ACF9E5009C82B0 /* NetworkManagerProtocol.swift */,
			);
			path = Protocols;
			sourceTree = "<group>";
		};
		76F4AFCB25ACF9EF009C82B0 /* Modules */ = {
			isa = PBXGroup;
			children = (
				76F4B01025ADB438009C82B0 /* Countries */,
			);
			path = Modules;
			sourceTree = "<group>";
		};
		76F4B00525ADB09D009C82B0 /* Models */ = {
			isa = PBXGroup;
			children = (
				76F4B00625ADB0B0009C82B0 /* Errors.swift */,
			);
			path = Models;
			sourceTree = "<group>";
		};
		76F4B01025ADB438009C82B0 /* Countries */ = {
			isa = PBXGroup;
			children = (
				76BD132425AF03E900446F0E /* Views */,
				76F4B02825ADB7C9009C82B0 /* Models */,
				76F4B01F25ADB4C5009C82B0 /* ViewModel */,
				76F4B01125ADB443009C82B0 /* ResponseModels */,
			);
			path = Countries;
			sourceTree = "<group>";
		};
		76F4B01125ADB443009C82B0 /* ResponseModels */ = {
			isa = PBXGroup;
			children = (
				76F4B01425ADB45E009C82B0 /* CountryData.swift */,
				76F4B01525ADB45E009C82B0 /* Currencies.swift */,
				76F4B01325ADB45E009C82B0 /* Languages.swift */,
				76F4B01225ADB45E009C82B0 /* RegionalBlocs.swift */,
				76F4B01625ADB45E009C82B0 /* Translations.swift */,
			);
			path = ResponseModels;
			sourceTree = "<group>";
		};
		76F4B01F25ADB4C5009C82B0 /* ViewModel */ = {
			isa = PBXGroup;
			children = (
				76F4B02025ADB559009C82B0 /* CountrySearchViewModel.swift */,
				76F4B04025ADBBFB009C82B0 /* CountryDetailsViewModel.swift */,
			);
			path = ViewModel;
			sourceTree = "<group>";
		};
		76F4B02825ADB7C9009C82B0 /* Models */ = {
			isa = PBXGroup;
			children = (
				76F4B02925ADB7EC009C82B0 /* CountryDataDisplayModel.swift */,
				76F4B03625ADB835009C82B0 /* Country.swift */,
			);
			path = Models;
			sourceTree = "<group>";
		};
/* End PBXGroup section */

/* Begin PBXNativeTarget section */
		76E0DD9725C4B34B00F2F75B /* CountrySearch */ = {
			isa = PBXNativeTarget;
			buildConfigurationList = 76E0DDC125C4B34E00F2F75B /* Build configuration list for PBXNativeTarget "CountrySearch" */;
			buildPhases = (
				76E0DD9625C4B34B00F2F75B /* Resources */,
				76E0DDBD25C4B34E00F2F75B /* Embed App Extensions */,
				75A39628D5B276FFF62D147E /* Frameworks */,
			);
			buildRules = (
			);
			dependencies = (
				76E0DDA425C4B34D00F2F75B /* PBXTargetDependency */,
			);
			name = CountrySearch;
			productName = CountrySearch;
			productReference = 76E0DD9825C4B34B00F2F75B /* CountrySearch.app */;
			productType = "com.apple.product-type.application.watchapp2";
		};
		76E0DDA025C4B34D00F2F75B /* CountrySearch Extension */ = {
			isa = PBXNativeTarget;
			buildConfigurationList = 76E0DDC025C4B34E00F2F75B /* Build configuration list for PBXNativeTarget "CountrySearch Extension" */;
			buildPhases = (
				76E0DD9D25C4B34D00F2F75B /* Sources */,
				76E0DD9E25C4B34D00F2F75B /* Frameworks */,
				76E0DD9F25C4B34D00F2F75B /* Resources */,
			);
			buildRules = (
			);
			dependencies = (
			);
			name = "CountrySearch Extension";
			packageProductDependencies = (
				76E0DE1725C4B46400F2F75B /* Alamofire */,
				76504E8125C954D00056801C /* SDWebImageSwiftUI */,
				76504E9525C9553D0056801C /* SDWebImageSVGCoder */,
			);
			productName = "CountrySearch Extension";
			productReference = 76E0DDA125C4B34D00F2F75B /* CountrySearch Extension.appex */;
			productType = "com.apple.product-type.watchkit2-extension";
		};
		76F4AF8525ACF9BF009C82B0 /* CountrySearchWithSwiftUI */ = {
			isa = PBXNativeTarget;
			buildConfigurationList = 76F4AFB025ACF9C0009C82B0 /* Build configuration list for PBXNativeTarget "CountrySearchWithSwiftUI" */;
			buildPhases = (
				76F4AF8225ACF9BF009C82B0 /* Sources */,
				76F4AF8325ACF9BF009C82B0 /* Frameworks */,
				76F4AF8425ACF9BF009C82B0 /* Resources */,
				76E0DDBA25C4B34E00F2F75B /* Embed Watch Content */,
			);
			buildRules = (
			);
			dependencies = (
				76E0DDB825C4B34E00F2F75B /* PBXTargetDependency */,
			);
			name = CountrySearchWithSwiftUI;
			packageProductDependencies = (
				76F4AFCD25ACFA44009C82B0 /* Alamofire */,
				76504E6825C954600056801C /* SDWebImageSwiftUI */,
				76504E8E25C955310056801C /* SDWebImageSVGCoder */,
			);
			productName = CountrySearchWithSwiftUI;
			productReference = 76F4AF8625ACF9BF009C82B0 /* CountrySearchWithSwiftUI.app */;
			productType = "com.apple.product-type.application";
		};
		76F4AF9B25ACF9C0009C82B0 /* CountrySearchWithSwiftUITests */ = {
			isa = PBXNativeTarget;
			buildConfigurationList = 76F4AFB325ACF9C0009C82B0 /* Build configuration list for PBXNativeTarget "CountrySearchWithSwiftUITests" */;
			buildPhases = (
				76F4AF9825ACF9C0009C82B0 /* Sources */,
				76F4AF9925ACF9C0009C82B0 /* Frameworks */,
				76F4AF9A25ACF9C0009C82B0 /* Resources */,
			);
			buildRules = (
			);
			dependencies = (
				76F4AF9E25ACF9C0009C82B0 /* PBXTargetDependency */,
			);
			name = CountrySearchWithSwiftUITests;
			productName = CountrySearchWithSwiftUITests;
			productReference = 76F4AF9C25ACF9C0009C82B0 /* CountrySearchWithSwiftUITests.xctest */;
			productType = "com.apple.product-type.bundle.unit-test";
		};
		76F4AFA625ACF9C0009C82B0 /* CountrySearchWithSwiftUIUITests */ = {
			isa = PBXNativeTarget;
			buildConfigurationList = 76F4AFB625ACF9C0009C82B0 /* Build configuration list for PBXNativeTarget "CountrySearchWithSwiftUIUITests" */;
			buildPhases = (
				76F4AFA325ACF9C0009C82B0 /* Sources */,
				76F4AFA425ACF9C0009C82B0 /* Frameworks */,
				76F4AFA525ACF9C0009C82B0 /* Resources */,
			);
			buildRules = (
			);
			dependencies = (
				76F4AFA925ACF9C0009C82B0 /* PBXTargetDependency */,
			);
			name = CountrySearchWithSwiftUIUITests;
			productName = CountrySearchWithSwiftUIUITests;
			productReference = 76F4AFA725ACF9C0009C82B0 /* CountrySearchWithSwiftUIUITests.xctest */;
			productType = "com.apple.product-type.bundle.ui-testing";
		};
/* End PBXNativeTarget section */

/* Begin PBXProject section */
		76F4AF7E25ACF9BF009C82B0 /* Project object */ = {
			isa = PBXProject;
			attributes = {
				LastSwiftUpdateCheck = 1200;
				LastUpgradeCheck = 1200;
				TargetAttributes = {
					76E0DD9725C4B34B00F2F75B = {
						CreatedOnToolsVersion = 12.0;
					};
					76E0DDA025C4B34D00F2F75B = {
						CreatedOnToolsVersion = 12.0;
					};
					76F4AF8525ACF9BF009C82B0 = {
						CreatedOnToolsVersion = 12.0;
					};
					76F4AF9B25ACF9C0009C82B0 = {
						CreatedOnToolsVersion = 12.0;
						TestTargetID = 76F4AF8525ACF9BF009C82B0;
					};
					76F4AFA625ACF9C0009C82B0 = {
						CreatedOnToolsVersion = 12.0;
						TestTargetID = 76F4AF8525ACF9BF009C82B0;
					};
				};
			};
			buildConfigurationList = 76F4AF8125ACF9BF009C82B0 /* Build configuration list for PBXProject "CountrySearchWithSwiftUI" */;
			compatibilityVersion = "Xcode 9.3";
			developmentRegion = en;
			hasScannedForEncodings = 0;
			knownRegions = (
				en,
				Base,
			);
			mainGroup = 76F4AF7D25ACF9BF009C82B0;
			packageReferences = (
				76F4AFCC25ACFA44009C82B0 /* XCRemoteSwiftPackageReference "Alamofire" */,
				76504E6725C954600056801C /* XCRemoteSwiftPackageReference "SDWebImageSwiftUI" */,
				76504E8D25C955310056801C /* XCRemoteSwiftPackageReference "SDWebImageSVGCoder" */,
			);
			productRefGroup = 76F4AF8725ACF9BF009C82B0 /* Products */;
			projectDirPath = "";
			projectRoot = "";
			targets = (
				76F4AF8525ACF9BF009C82B0 /* CountrySearchWithSwiftUI */,
				76F4AF9B25ACF9C0009C82B0 /* CountrySearchWithSwiftUITests */,
				76F4AFA625ACF9C0009C82B0 /* CountrySearchWithSwiftUIUITests */,
				76E0DD9725C4B34B00F2F75B /* CountrySearch */,
				76E0DDA025C4B34D00F2F75B /* CountrySearch Extension */,
			);
		};
/* End PBXProject section */

/* Begin PBXResourcesBuildPhase section */
		76E0DD9625C4B34B00F2F75B /* Resources */ = {
			isa = PBXResourcesBuildPhase;
			buildActionMask = 2147483647;
			files = (
				76E0DD9B25C4B34D00F2F75B /* Assets.xcassets in Resources */,
			);
			runOnlyForDeploymentPostprocessing = 0;
		};
		76E0DD9F25C4B34D00F2F75B /* Resources */ = {
			isa = PBXResourcesBuildPhase;
			buildActionMask = 2147483647;
			files = (
				76E0DDB425C4B34E00F2F75B /* Preview Assets.xcassets in Resources */,
				76E0DDD225C4B3A000F2F75B /* Assets.xcassets in Resources */,
				76E0DDB125C4B34E00F2F75B /* Assets.xcassets in Resources */,
			);
			runOnlyForDeploymentPostprocessing = 0;
		};
		76F4AF8425ACF9BF009C82B0 /* Resources */ = {
			isa = PBXResourcesBuildPhase;
			buildActionMask = 2147483647;
			files = (
				76F4AF9125ACF9C0009C82B0 /* Preview Assets.xcassets in Resources */,
				76F4AF8E25ACF9C0009C82B0 /* Assets.xcassets in Resources */,
			);
			runOnlyForDeploymentPostprocessing = 0;
		};
		76F4AF9A25ACF9C0009C82B0 /* Resources */ = {
			isa = PBXResourcesBuildPhase;
			buildActionMask = 2147483647;
			files = (
			);
			runOnlyForDeploymentPostprocessing = 0;
		};
		76F4AFA525ACF9C0009C82B0 /* Resources */ = {
			isa = PBXResourcesBuildPhase;
			buildActionMask = 2147483647;
			files = (
			);
			runOnlyForDeploymentPostprocessing = 0;
		};
/* End PBXResourcesBuildPhase section */

/* Begin PBXSourcesBuildPhase section */
		76E0DD9D25C4B34D00F2F75B /* Sources */ = {
			isa = PBXSourcesBuildPhase;
			buildActionMask = 2147483647;
			files = (
				76E0DDF725C4B3FC00F2F75B /* CountryDetailsView.swift in Sources */,
				76E0DDAB25C4B34D00F2F75B /* NotificationController.swift in Sources */,
				76E0DE1125C4B41700F2F75B /* CountrySearchWithSwiftUI.xcdatamodeld in Sources */,
				76E0DE3425C4B5A300F2F75B /* CountryDetailsRow.swift in Sources */,
				76E0DDFD25C4B40C00F2F75B /* RegionalBlocs.swift in Sources */,
				76E0DDE525C4B3D100F2F75B /* APIRouter.swift in Sources */,
				76E0DE0125C4B40C00F2F75B /* CountryData.swift in Sources */,
				76E0DDE825C4B3D100F2F75B /* ViewState.swift in Sources */,
				76E0DDD825C4B3A900F2F75B /* MapView.swift in Sources */,
				76E0DE0325C4B40C00F2F75B /* Translations.swift in Sources */,
				76E0DE0525C4B40C00F2F75B /* Currencies.swift in Sources */,
				76E0DE0B25C4B41300F2F75B /* Persistence.swift in Sources */,
				76E0DDEA25C4B3D100F2F75B /* NetworkDataManager.swift in Sources */,
				76E0DDA925C4B34D00F2F75B /* ContentView.swift in Sources */,
				76E0DE0225C4B40C00F2F75B /* Country.swift in Sources */,
				76E0DDE725C4B3D100F2F75B /* Helpers.swift in Sources */,
				76E0DE0025C4B40C00F2F75B /* CountryDataDisplayModel.swift in Sources */,
				76E0DDAF25C4B34D00F2F75B /* ComplicationController.swift in Sources */,
				76E0DDE925C4B3D100F2F75B /* BaseViewModel.swift in Sources */,
				76E0DDCC25C4B39600F2F75B /* CountrySearchWithSwiftUIApp.swift in Sources */,
				76E0DDFE25C4B40C00F2F75B /* CountrySearchViewModel.swift in Sources */,
				76E0DDE625C4B3D100F2F75B /* Errors.swift in Sources */,
				76E0DDF125C4B3F600F2F75B /* CountryListView.swift in Sources */,
				76E0DE0425C4B40C00F2F75B /* Languages.swift in Sources */,
				76E0DDAD25C4B34D00F2F75B /* NotificationView.swift in Sources */,
				76E0DDE325C4B3D100F2F75B /* LazyView.swift in Sources */,
				76E0DDEB25C4B3D100F2F75B /* NetworkManagerProtocol.swift in Sources */,
				76E0DE3A25C4B5AE00F2F75B /* CountryListRow.swift in Sources */,
				76E0DDFF25C4B40C00F2F75B /* CountryDetailsViewModel.swift in Sources */,
				76E0DDE425C4B3D100F2F75B /* Constants.swift in Sources */,
			);
			runOnlyForDeploymentPostprocessing = 0;
		};
		76F4AF8225ACF9BF009C82B0 /* Sources */ = {
			isa = PBXSourcesBuildPhase;
			buildActionMask = 2147483647;
			files = (
				766D48EB25AF571B0090B4E9 /* CountryDetailsView.swift in Sources */,
				76F4AFC525ACF9E5009C82B0 /* NetworkDataManager.swift in Sources */,
				76F4AFC625ACF9E5009C82B0 /* APIRouter.swift in Sources */,
				76F4AFC725ACF9E5009C82B0 /* NetworkManagerProtocol.swift in Sources */,
				76BD131D25AEFCA500446F0E /* Helpers.swift in Sources */,
				7647E9D225B2CA6B00469194 /* Constants.swift in Sources */,
				76F4AF9325ACF9C0009C82B0 /* Persistence.swift in Sources */,
				76F4B02125ADB559009C82B0 /* CountrySearchViewModel.swift in Sources */,
				76F4B01825ADB45E009C82B0 /* Languages.swift in Sources */,
				76F4AF8C25ACF9BF009C82B0 /* ContentView.swift in Sources */,
				76F4AFFB25ADAC4E009C82B0 /* BaseViewModel.swift in Sources */,
				7647E9B425B0529100469194 /* ViewState.swift in Sources */,
				7647E9B925B05BA600469194 /* CountryDetailsRow.swift in Sources */,
				76F4B04125ADBBFC009C82B0 /* CountryDetailsViewModel.swift in Sources */,
				76F4B01725ADB45E009C82B0 /* RegionalBlocs.swift in Sources */,
				76BD132725AF042800446F0E /* CountryListRow.swift in Sources */,
				76F4B03725ADB835009C82B0 /* Country.swift in Sources */,
				76F4B01A25ADB45E009C82B0 /* Currencies.swift in Sources */,
				76F4AF9625ACF9C0009C82B0 /* CountrySearchWithSwiftUI.xcdatamodeld in Sources */,
				76BD133225AF290300446F0E /* SearchBar.swift in Sources */,
				76F4B00725ADB0B0009C82B0 /* Errors.swift in Sources */,
				7647E9BE25B1871C00469194 /* MapView.swift in Sources */,
				76F4B01B25ADB45E009C82B0 /* Translations.swift in Sources */,
				76F4B02A25ADB7EC009C82B0 /* CountryDataDisplayModel.swift in Sources */,
				76BD132C25AF07F200446F0E /* CountryListView.swift in Sources */,
				76F4B01925ADB45E009C82B0 /* CountryData.swift in Sources */,
				7647E9AF25B050DD00469194 /* LazyView.swift in Sources */,
				76F4AF8A25ACF9BF009C82B0 /* CountrySearchWithSwiftUIApp.swift in Sources */,
			);
			runOnlyForDeploymentPostprocessing = 0;
		};
		76F4AF9825ACF9C0009C82B0 /* Sources */ = {
			isa = PBXSourcesBuildPhase;
			buildActionMask = 2147483647;
			files = (
				76BD130F25AEFBDF00446F0E /* CountryDetailsTests.swift in Sources */,
				76BD130625AEFB3D00446F0E /* MockResponses.swift in Sources */,
				76BD131725AEFBFD00446F0E /* CountryDetailsMockNetworkManager.swift in Sources */,
				76F4AFA125ACF9C0009C82B0 /* CountrySearchWithSwiftUITests.swift in Sources */,
			);
			runOnlyForDeploymentPostprocessing = 0;
		};
		76F4AFA325ACF9C0009C82B0 /* Sources */ = {
			isa = PBXSourcesBuildPhase;
			buildActionMask = 2147483647;
			files = (
				76F4AFAC25ACF9C0009C82B0 /* CountrySearchWithSwiftUIUITests.swift in Sources */,
			);
			runOnlyForDeploymentPostprocessing = 0;
		};
/* End PBXSourcesBuildPhase section */

/* Begin PBXTargetDependency section */
		76E0DDA425C4B34D00F2F75B /* PBXTargetDependency */ = {
			isa = PBXTargetDependency;
			target = 76E0DDA025C4B34D00F2F75B /* CountrySearch Extension */;
			targetProxy = 76E0DDA325C4B34D00F2F75B /* PBXContainerItemProxy */;
		};
		76E0DDB825C4B34E00F2F75B /* PBXTargetDependency */ = {
			isa = PBXTargetDependency;
			target = 76E0DD9725C4B34B00F2F75B /* CountrySearch */;
			targetProxy = 76E0DDB725C4B34E00F2F75B /* PBXContainerItemProxy */;
		};
		76F4AF9E25ACF9C0009C82B0 /* PBXTargetDependency */ = {
			isa = PBXTargetDependency;
			target = 76F4AF8525ACF9BF009C82B0 /* CountrySearchWithSwiftUI */;
			targetProxy = 76F4AF9D25ACF9C0009C82B0 /* PBXContainerItemProxy */;
		};
		76F4AFA925ACF9C0009C82B0 /* PBXTargetDependency */ = {
			isa = PBXTargetDependency;
			target = 76F4AF8525ACF9BF009C82B0 /* CountrySearchWithSwiftUI */;
			targetProxy = 76F4AFA825ACF9C0009C82B0 /* PBXContainerItemProxy */;
		};
/* End PBXTargetDependency section */

/* Begin XCBuildConfiguration section */
		76E0DDBB25C4B34E00F2F75B /* Debug */ = {
			isa = XCBuildConfiguration;
			buildSettings = {
				ALWAYS_EMBED_SWIFT_STANDARD_LIBRARIES = YES;
				ASSETCATALOG_COMPILER_APPICON_NAME = AppIcon;
				ASSETCATALOG_COMPILER_GLOBAL_ACCENT_COLOR_NAME = AccentColor;
				CODE_SIGN_STYLE = Automatic;
				DEVELOPMENT_TEAM = 6UT7M6DT43;
				IBSC_MODULE = CountrySearch_Extension;
				INFOPLIST_FILE = CountrySearch/Info.plist;
				PRODUCT_BUNDLE_IDENTIFIER = com.anoop.CountrySearchWithSwiftUI.watchkitapp;
				PRODUCT_NAME = "$(TARGET_NAME)";
				SDKROOT = watchos;
				SKIP_INSTALL = YES;
				SWIFT_VERSION = 5.0;
				TARGETED_DEVICE_FAMILY = 4;
				WATCHOS_DEPLOYMENT_TARGET = 7.0;
			};
			name = Debug;
		};
		76E0DDBC25C4B34E00F2F75B /* Release */ = {
			isa = XCBuildConfiguration;
			buildSettings = {
				ALWAYS_EMBED_SWIFT_STANDARD_LIBRARIES = YES;
				ASSETCATALOG_COMPILER_APPICON_NAME = AppIcon;
				ASSETCATALOG_COMPILER_GLOBAL_ACCENT_COLOR_NAME = AccentColor;
				CODE_SIGN_STYLE = Automatic;
				DEVELOPMENT_TEAM = 6UT7M6DT43;
				IBSC_MODULE = CountrySearch_Extension;
				INFOPLIST_FILE = CountrySearch/Info.plist;
				PRODUCT_BUNDLE_IDENTIFIER = com.anoop.CountrySearchWithSwiftUI.watchkitapp;
				PRODUCT_NAME = "$(TARGET_NAME)";
				SDKROOT = watchos;
				SKIP_INSTALL = YES;
				SWIFT_VERSION = 5.0;
				TARGETED_DEVICE_FAMILY = 4;
				WATCHOS_DEPLOYMENT_TARGET = 7.0;
			};
			name = Release;
		};
		76E0DDBE25C4B34E00F2F75B /* Debug */ = {
			isa = XCBuildConfiguration;
			buildSettings = {
				ASSETCATALOG_COMPILER_COMPLICATION_NAME = Complication;
				CODE_SIGN_STYLE = Automatic;
				DEVELOPMENT_ASSET_PATHS = "\"CountrySearch Extension/Preview Content\"";
				DEVELOPMENT_TEAM = 6UT7M6DT43;
				ENABLE_PREVIEWS = YES;
				INFOPLIST_FILE = "CountrySearch Extension/Info.plist";
				LD_RUNPATH_SEARCH_PATHS = (
					"$(inherited)",
					"@executable_path/Frameworks",
					"@executable_path/../../Frameworks",
				);
				PRODUCT_BUNDLE_IDENTIFIER = com.anoop.CountrySearchWithSwiftUI.watchkitapp.watchkitextension;
				PRODUCT_NAME = "${TARGET_NAME}";
				SDKROOT = watchos;
				SKIP_INSTALL = YES;
				SWIFT_VERSION = 5.0;
				TARGETED_DEVICE_FAMILY = 4;
				WATCHOS_DEPLOYMENT_TARGET = 7.0;
			};
			name = Debug;
		};
		76E0DDBF25C4B34E00F2F75B /* Release */ = {
			isa = XCBuildConfiguration;
			buildSettings = {
				ASSETCATALOG_COMPILER_COMPLICATION_NAME = Complication;
				CODE_SIGN_STYLE = Automatic;
				DEVELOPMENT_ASSET_PATHS = "\"CountrySearch Extension/Preview Content\"";
				DEVELOPMENT_TEAM = 6UT7M6DT43;
				ENABLE_PREVIEWS = YES;
				INFOPLIST_FILE = "CountrySearch Extension/Info.plist";
				LD_RUNPATH_SEARCH_PATHS = (
					"$(inherited)",
					"@executable_path/Frameworks",
					"@executable_path/../../Frameworks",
				);
				PRODUCT_BUNDLE_IDENTIFIER = com.anoop.CountrySearchWithSwiftUI.watchkitapp.watchkitextension;
				PRODUCT_NAME = "${TARGET_NAME}";
				SDKROOT = watchos;
				SKIP_INSTALL = YES;
				SWIFT_VERSION = 5.0;
				TARGETED_DEVICE_FAMILY = 4;
				WATCHOS_DEPLOYMENT_TARGET = 7.0;
			};
			name = Release;
		};
		76F4AFAE25ACF9C0009C82B0 /* Debug */ = {
			isa = XCBuildConfiguration;
			buildSettings = {
				ALWAYS_SEARCH_USER_PATHS = NO;
				CLANG_ANALYZER_NONNULL = YES;
				CLANG_ANALYZER_NUMBER_OBJECT_CONVERSION = YES_AGGRESSIVE;
				CLANG_CXX_LANGUAGE_STANDARD = "gnu++14";
				CLANG_CXX_LIBRARY = "libc++";
				CLANG_ENABLE_MODULES = YES;
				CLANG_ENABLE_OBJC_ARC = YES;
				CLANG_ENABLE_OBJC_WEAK = YES;
				CLANG_WARN_BLOCK_CAPTURE_AUTORELEASING = YES;
				CLANG_WARN_BOOL_CONVERSION = YES;
				CLANG_WARN_COMMA = YES;
				CLANG_WARN_CONSTANT_CONVERSION = YES;
				CLANG_WARN_DEPRECATED_OBJC_IMPLEMENTATIONS = YES;
				CLANG_WARN_DIRECT_OBJC_ISA_USAGE = YES_ERROR;
				CLANG_WARN_DOCUMENTATION_COMMENTS = YES;
				CLANG_WARN_EMPTY_BODY = YES;
				CLANG_WARN_ENUM_CONVERSION = YES;
				CLANG_WARN_INFINITE_RECURSION = YES;
				CLANG_WARN_INT_CONVERSION = YES;
				CLANG_WARN_NON_LITERAL_NULL_CONVERSION = YES;
				CLANG_WARN_OBJC_IMPLICIT_RETAIN_SELF = YES;
				CLANG_WARN_OBJC_LITERAL_CONVERSION = YES;
				CLANG_WARN_OBJC_ROOT_CLASS = YES_ERROR;
				CLANG_WARN_QUOTED_INCLUDE_IN_FRAMEWORK_HEADER = YES;
				CLANG_WARN_RANGE_LOOP_ANALYSIS = YES;
				CLANG_WARN_STRICT_PROTOTYPES = YES;
				CLANG_WARN_SUSPICIOUS_MOVE = YES;
				CLANG_WARN_UNGUARDED_AVAILABILITY = YES_AGGRESSIVE;
				CLANG_WARN_UNREACHABLE_CODE = YES;
				CLANG_WARN__DUPLICATE_METHOD_MATCH = YES;
				COPY_PHASE_STRIP = NO;
				DEBUG_INFORMATION_FORMAT = dwarf;
				ENABLE_STRICT_OBJC_MSGSEND = YES;
				ENABLE_TESTABILITY = YES;
				GCC_C_LANGUAGE_STANDARD = gnu11;
				GCC_DYNAMIC_NO_PIC = NO;
				GCC_NO_COMMON_BLOCKS = YES;
				GCC_OPTIMIZATION_LEVEL = 0;
				GCC_PREPROCESSOR_DEFINITIONS = (
					"DEBUG=1",
					"$(inherited)",
				);
				GCC_WARN_64_TO_32_BIT_CONVERSION = YES;
				GCC_WARN_ABOUT_RETURN_TYPE = YES_ERROR;
				GCC_WARN_UNDECLARED_SELECTOR = YES;
				GCC_WARN_UNINITIALIZED_AUTOS = YES_AGGRESSIVE;
				GCC_WARN_UNUSED_FUNCTION = YES;
				GCC_WARN_UNUSED_VARIABLE = YES;
				IPHONEOS_DEPLOYMENT_TARGET = 14.0;
				MTL_ENABLE_DEBUG_INFO = INCLUDE_SOURCE;
				MTL_FAST_MATH = YES;
				ONLY_ACTIVE_ARCH = YES;
				SDKROOT = iphoneos;
				SWIFT_ACTIVE_COMPILATION_CONDITIONS = DEBUG;
				SWIFT_OPTIMIZATION_LEVEL = "-Onone";
			};
			name = Debug;
		};
		76F4AFAF25ACF9C0009C82B0 /* Release */ = {
			isa = XCBuildConfiguration;
			buildSettings = {
				ALWAYS_SEARCH_USER_PATHS = NO;
				CLANG_ANALYZER_NONNULL = YES;
				CLANG_ANALYZER_NUMBER_OBJECT_CONVERSION = YES_AGGRESSIVE;
				CLANG_CXX_LANGUAGE_STANDARD = "gnu++14";
				CLANG_CXX_LIBRARY = "libc++";
				CLANG_ENABLE_MODULES = YES;
				CLANG_ENABLE_OBJC_ARC = YES;
				CLANG_ENABLE_OBJC_WEAK = YES;
				CLANG_WARN_BLOCK_CAPTURE_AUTORELEASING = YES;
				CLANG_WARN_BOOL_CONVERSION = YES;
				CLANG_WARN_COMMA = YES;
				CLANG_WARN_CONSTANT_CONVERSION = YES;
				CLANG_WARN_DEPRECATED_OBJC_IMPLEMENTATIONS = YES;
				CLANG_WARN_DIRECT_OBJC_ISA_USAGE = YES_ERROR;
				CLANG_WARN_DOCUMENTATION_COMMENTS = YES;
				CLANG_WARN_EMPTY_BODY = YES;
				CLANG_WARN_ENUM_CONVERSION = YES;
				CLANG_WARN_INFINITE_RECURSION = YES;
				CLANG_WARN_INT_CONVERSION = YES;
				CLANG_WARN_NON_LITERAL_NULL_CONVERSION = YES;
				CLANG_WARN_OBJC_IMPLICIT_RETAIN_SELF = YES;
				CLANG_WARN_OBJC_LITERAL_CONVERSION = YES;
				CLANG_WARN_OBJC_ROOT_CLASS = YES_ERROR;
				CLANG_WARN_QUOTED_INCLUDE_IN_FRAMEWORK_HEADER = YES;
				CLANG_WARN_RANGE_LOOP_ANALYSIS = YES;
				CLANG_WARN_STRICT_PROTOTYPES = YES;
				CLANG_WARN_SUSPICIOUS_MOVE = YES;
				CLANG_WARN_UNGUARDED_AVAILABILITY = YES_AGGRESSIVE;
				CLANG_WARN_UNREACHABLE_CODE = YES;
				CLANG_WARN__DUPLICATE_METHOD_MATCH = YES;
				COPY_PHASE_STRIP = NO;
				DEBUG_INFORMATION_FORMAT = "dwarf-with-dsym";
				ENABLE_NS_ASSERTIONS = NO;
				ENABLE_STRICT_OBJC_MSGSEND = YES;
				GCC_C_LANGUAGE_STANDARD = gnu11;
				GCC_NO_COMMON_BLOCKS = YES;
				GCC_WARN_64_TO_32_BIT_CONVERSION = YES;
				GCC_WARN_ABOUT_RETURN_TYPE = YES_ERROR;
				GCC_WARN_UNDECLARED_SELECTOR = YES;
				GCC_WARN_UNINITIALIZED_AUTOS = YES_AGGRESSIVE;
				GCC_WARN_UNUSED_FUNCTION = YES;
				GCC_WARN_UNUSED_VARIABLE = YES;
				IPHONEOS_DEPLOYMENT_TARGET = 14.0;
				MTL_ENABLE_DEBUG_INFO = NO;
				MTL_FAST_MATH = YES;
				SDKROOT = iphoneos;
				SWIFT_COMPILATION_MODE = wholemodule;
				SWIFT_OPTIMIZATION_LEVEL = "-O";
				VALIDATE_PRODUCT = YES;
			};
			name = Release;
		};
		76F4AFB125ACF9C0009C82B0 /* Debug */ = {
			isa = XCBuildConfiguration;
			buildSettings = {
				ASSETCATALOG_COMPILER_APPICON_NAME = AppIcon;
				ASSETCATALOG_COMPILER_GLOBAL_ACCENT_COLOR_NAME = AccentColor;
				CODE_SIGN_STYLE = Automatic;
				DEVELOPMENT_ASSET_PATHS = "\"CountrySearchWithSwiftUI/Preview Content\"";
				DEVELOPMENT_TEAM = 6UT7M6DT43;
				ENABLE_PREVIEWS = YES;
				INFOPLIST_FILE = CountrySearchWithSwiftUI/Info.plist;
				IPHONEOS_DEPLOYMENT_TARGET = 14.0;
				LD_RUNPATH_SEARCH_PATHS = (
					"$(inherited)",
					"@executable_path/Frameworks",
				);
				PRODUCT_BUNDLE_IDENTIFIER = com.anoop.CountrySearchWithSwiftUI;
				PRODUCT_NAME = "$(TARGET_NAME)";
				SWIFT_VERSION = 5.0;
				TARGETED_DEVICE_FAMILY = "1,2";
			};
			name = Debug;
		};
		76F4AFB225ACF9C0009C82B0 /* Release */ = {
			isa = XCBuildConfiguration;
			buildSettings = {
				ASSETCATALOG_COMPILER_APPICON_NAME = AppIcon;
				ASSETCATALOG_COMPILER_GLOBAL_ACCENT_COLOR_NAME = AccentColor;
				CODE_SIGN_STYLE = Automatic;
				DEVELOPMENT_ASSET_PATHS = "\"CountrySearchWithSwiftUI/Preview Content\"";
				DEVELOPMENT_TEAM = 6UT7M6DT43;
				ENABLE_PREVIEWS = YES;
				INFOPLIST_FILE = CountrySearchWithSwiftUI/Info.plist;
				IPHONEOS_DEPLOYMENT_TARGET = 14.0;
				LD_RUNPATH_SEARCH_PATHS = (
					"$(inherited)",
					"@executable_path/Frameworks",
				);
				PRODUCT_BUNDLE_IDENTIFIER = com.anoop.CountrySearchWithSwiftUI;
				PRODUCT_NAME = "$(TARGET_NAME)";
				SWIFT_VERSION = 5.0;
				TARGETED_DEVICE_FAMILY = "1,2";
			};
			name = Release;
		};
		76F4AFB425ACF9C0009C82B0 /* Debug */ = {
			isa = XCBuildConfiguration;
			buildSettings = {
				ALWAYS_EMBED_SWIFT_STANDARD_LIBRARIES = YES;
				BUNDLE_LOADER = "$(TEST_HOST)";
				CODE_SIGN_STYLE = Automatic;
				DEVELOPMENT_TEAM = 6UT7M6DT43;
				INFOPLIST_FILE = CountrySearchWithSwiftUITests/Info.plist;
				IPHONEOS_DEPLOYMENT_TARGET = 14.0;
				LD_RUNPATH_SEARCH_PATHS = (
					"$(inherited)",
					"@executable_path/Frameworks",
					"@loader_path/Frameworks",
				);
				PRODUCT_BUNDLE_IDENTIFIER = com.anoop.CountrySearchWithSwiftUITests;
				PRODUCT_NAME = "$(TARGET_NAME)";
				SWIFT_VERSION = 5.0;
				TARGETED_DEVICE_FAMILY = "1,2";
				TEST_HOST = "$(BUILT_PRODUCTS_DIR)/CountrySearchWithSwiftUI.app/CountrySearchWithSwiftUI";
			};
			name = Debug;
		};
		76F4AFB525ACF9C0009C82B0 /* Release */ = {
			isa = XCBuildConfiguration;
			buildSettings = {
				ALWAYS_EMBED_SWIFT_STANDARD_LIBRARIES = YES;
				BUNDLE_LOADER = "$(TEST_HOST)";
				CODE_SIGN_STYLE = Automatic;
				DEVELOPMENT_TEAM = 6UT7M6DT43;
				INFOPLIST_FILE = CountrySearchWithSwiftUITests/Info.plist;
				IPHONEOS_DEPLOYMENT_TARGET = 14.0;
				LD_RUNPATH_SEARCH_PATHS = (
					"$(inherited)",
					"@executable_path/Frameworks",
					"@loader_path/Frameworks",
				);
				PRODUCT_BUNDLE_IDENTIFIER = com.anoop.CountrySearchWithSwiftUITests;
				PRODUCT_NAME = "$(TARGET_NAME)";
				SWIFT_VERSION = 5.0;
				TARGETED_DEVICE_FAMILY = "1,2";
				TEST_HOST = "$(BUILT_PRODUCTS_DIR)/CountrySearchWithSwiftUI.app/CountrySearchWithSwiftUI";
			};
			name = Release;
		};
		76F4AFB725ACF9C0009C82B0 /* Debug */ = {
			isa = XCBuildConfiguration;
			buildSettings = {
				ALWAYS_EMBED_SWIFT_STANDARD_LIBRARIES = YES;
				CODE_SIGN_STYLE = Automatic;
				DEVELOPMENT_TEAM = 6UT7M6DT43;
				INFOPLIST_FILE = CountrySearchWithSwiftUIUITests/Info.plist;
				LD_RUNPATH_SEARCH_PATHS = (
					"$(inherited)",
					"@executable_path/Frameworks",
					"@loader_path/Frameworks",
				);
				PRODUCT_BUNDLE_IDENTIFIER = com.anoop.CountrySearchWithSwiftUIUITests;
				PRODUCT_NAME = "$(TARGET_NAME)";
				SWIFT_VERSION = 5.0;
				TARGETED_DEVICE_FAMILY = "1,2";
				TEST_TARGET_NAME = CountrySearchWithSwiftUI;
			};
			name = Debug;
		};
		76F4AFB825ACF9C0009C82B0 /* Release */ = {
			isa = XCBuildConfiguration;
			buildSettings = {
				ALWAYS_EMBED_SWIFT_STANDARD_LIBRARIES = YES;
				CODE_SIGN_STYLE = Automatic;
				DEVELOPMENT_TEAM = 6UT7M6DT43;
				INFOPLIST_FILE = CountrySearchWithSwiftUIUITests/Info.plist;
				LD_RUNPATH_SEARCH_PATHS = (
					"$(inherited)",
					"@executable_path/Frameworks",
					"@loader_path/Frameworks",
				);
				PRODUCT_BUNDLE_IDENTIFIER = com.anoop.CountrySearchWithSwiftUIUITests;
				PRODUCT_NAME = "$(TARGET_NAME)";
				SWIFT_VERSION = 5.0;
				TARGETED_DEVICE_FAMILY = "1,2";
				TEST_TARGET_NAME = CountrySearchWithSwiftUI;
			};
			name = Release;
		};
/* End XCBuildConfiguration section */

/* Begin XCConfigurationList section */
		76E0DDC025C4B34E00F2F75B /* Build configuration list for PBXNativeTarget "CountrySearch Extension" */ = {
			isa = XCConfigurationList;
			buildConfigurations = (
				76E0DDBE25C4B34E00F2F75B /* Debug */,
				76E0DDBF25C4B34E00F2F75B /* Release */,
			);
			defaultConfigurationIsVisible = 0;
			defaultConfigurationName = Release;
		};
		76E0DDC125C4B34E00F2F75B /* Build configuration list for PBXNativeTarget "CountrySearch" */ = {
			isa = XCConfigurationList;
			buildConfigurations = (
				76E0DDBB25C4B34E00F2F75B /* Debug */,
				76E0DDBC25C4B34E00F2F75B /* Release */,
			);
			defaultConfigurationIsVisible = 0;
			defaultConfigurationName = Release;
		};
		76F4AF8125ACF9BF009C82B0 /* Build configuration list for PBXProject "CountrySearchWithSwiftUI" */ = {
			isa = XCConfigurationList;
			buildConfigurations = (
				76F4AFAE25ACF9C0009C82B0 /* Debug */,
				76F4AFAF25ACF9C0009C82B0 /* Release */,
			);
			defaultConfigurationIsVisible = 0;
			defaultConfigurationName = Release;
		};
		76F4AFB025ACF9C0009C82B0 /* Build configuration list for PBXNativeTarget "CountrySearchWithSwiftUI" */ = {
			isa = XCConfigurationList;
			buildConfigurations = (
				76F4AFB125ACF9C0009C82B0 /* Debug */,
				76F4AFB225ACF9C0009C82B0 /* Release */,
			);
			defaultConfigurationIsVisible = 0;
			defaultConfigurationName = Release;
		};
		76F4AFB325ACF9C0009C82B0 /* Build configuration list for PBXNativeTarget "CountrySearchWithSwiftUITests" */ = {
			isa = XCConfigurationList;
			buildConfigurations = (
				76F4AFB425ACF9C0009C82B0 /* Debug */,
				76F4AFB525ACF9C0009C82B0 /* Release */,
			);
			defaultConfigurationIsVisible = 0;
			defaultConfigurationName = Release;
		};
		76F4AFB625ACF9C0009C82B0 /* Build configuration list for PBXNativeTarget "CountrySearchWithSwiftUIUITests" */ = {
			isa = XCConfigurationList;
			buildConfigurations = (
				76F4AFB725ACF9C0009C82B0 /* Debug */,
				76F4AFB825ACF9C0009C82B0 /* Release */,
			);
			defaultConfigurationIsVisible = 0;
			defaultConfigurationName = Release;
		};
/* End XCConfigurationList section */

/* Begin XCRemoteSwiftPackageReference section */
		76504E6725C954600056801C /* XCRemoteSwiftPackageReference "SDWebImageSwiftUI" */ = {
			isa = XCRemoteSwiftPackageReference;
			repositoryURL = "https://github.com/SDWebImage/SDWebImageSwiftUI.git";
			requirement = {
				kind = upToNextMajorVersion;
				minimumVersion = 1.5.0;
			};
		};
		76504E8D25C955310056801C /* XCRemoteSwiftPackageReference "SDWebImageSVGCoder" */ = {
			isa = XCRemoteSwiftPackageReference;
			repositoryURL = "https://github.com/SDWebImage/SDWebImageSVGCoder.git";
			requirement = {
				kind = upToNextMajorVersion;
				minimumVersion = 1.6.0;
			};
		};
		76F4AFCC25ACFA44009C82B0 /* XCRemoteSwiftPackageReference "Alamofire" */ = {
			isa = XCRemoteSwiftPackageReference;
			repositoryURL = "https://github.com/Alamofire/Alamofire.git";
			requirement = {
				kind = upToNextMajorVersion;
				minimumVersion = 5.2.0;
			};
		};
/* End XCRemoteSwiftPackageReference section */

/* Begin XCSwiftPackageProductDependency section */
		76504E6825C954600056801C /* SDWebImageSwiftUI */ = {
			isa = XCSwiftPackageProductDependency;
			package = 76504E6725C954600056801C /* XCRemoteSwiftPackageReference "SDWebImageSwiftUI" */;
			productName = SDWebImageSwiftUI;
		};
		76504E8125C954D00056801C /* SDWebImageSwiftUI */ = {
			isa = XCSwiftPackageProductDependency;
			package = 76504E6725C954600056801C /* XCRemoteSwiftPackageReference "SDWebImageSwiftUI" */;
			productName = SDWebImageSwiftUI;
		};
		76504E8E25C955310056801C /* SDWebImageSVGCoder */ = {
			isa = XCSwiftPackageProductDependency;
			package = 76504E8D25C955310056801C /* XCRemoteSwiftPackageReference "SDWebImageSVGCoder" */;
			productName = SDWebImageSVGCoder;
		};
		76504E9525C9553D0056801C /* SDWebImageSVGCoder */ = {
			isa = XCSwiftPackageProductDependency;
			package = 76504E8D25C955310056801C /* XCRemoteSwiftPackageReference "SDWebImageSVGCoder" */;
			productName = SDWebImageSVGCoder;
		};
		76E0DE1725C4B46400F2F75B /* Alamofire */ = {
			isa = XCSwiftPackageProductDependency;
			package = 76F4AFCC25ACFA44009C82B0 /* XCRemoteSwiftPackageReference "Alamofire" */;
			productName = Alamofire;
		};
		76F4AFCD25ACFA44009C82B0 /* Alamofire */ = {
			isa = XCSwiftPackageProductDependency;
			package = 76F4AFCC25ACFA44009C82B0 /* XCRemoteSwiftPackageReference "Alamofire" */;
			productName = Alamofire;
		};
/* End XCSwiftPackageProductDependency section */

/* Begin XCVersionGroup section */
		76F4AF9425ACF9C0009C82B0 /* CountrySearchWithSwiftUI.xcdatamodeld */ = {
			isa = XCVersionGroup;
			children = (
				76F4AF9525ACF9C0009C82B0 /* CountrySearchWithSwiftUI.xcdatamodel */,
			);
			currentVersion = 76F4AF9525ACF9C0009C82B0 /* CountrySearchWithSwiftUI.xcdatamodel */;
			path = CountrySearchWithSwiftUI.xcdatamodeld;
			sourceTree = "<group>";
			versionGroupType = wrapper.xcdatamodel;
		};
/* End XCVersionGroup section */
	};
	rootObject = 76F4AF7E25ACF9BF009C82B0 /* Project object */;
}
