PODS:
  - CocoaLumberjack (3.7.0):
    - CocoaLumberjack/Core (= 3.7.0)
  - CocoaLumberjack/Core (3.7.0)
  - SDWebImage (5.10.3):
    - SDWebImage/Core (= 5.10.3)
  - SDWebImage/Core (5.10.3)
  - SDWebImageSVGCoder (1.6.0):
    - SDWebImage/Core (~> 5.6)
  - SDWebImageSwiftUI (1.5.0):
    - SDWebImage (~> 5.7)
  - SVGKit (2.1.1):
    - CocoaLumberjack (~> 3.0)

DEPENDENCIES:
  - SDWebImageSVGCoder
  - SDWebImageSwiftUI
  - SVGKit

SPEC REPOS:
  trunk:
    - CocoaLumberjack
    - SDWebImage
    - SDWebImageSVGCoder
    - SDWebImageSwiftUI
    - SVGKit

SPEC CHECKSUMS:
  CocoaLumberjack: e8955b9d337ac307103b0a34fd141c32f27e53c5
  SDWebImage: e378178472b735e84b007bfb55514c97948a0598
  SDWebImageSVGCoder: 020cc0f1ab0ef8ca63a9365c03421d67aa3d4a46
  SDWebImageSwiftUI: 43687ffe232ddd33fe0659498b7ca9884fdd6b35
  SVGKit: 652cdf7bef8bec8564d04a8511d3ab50c7595fac

PODFILE CHECKSUM: c9f747466a2546ed5bb4cd0d30c941322047bf90

COCOAPODS: 1.10.0
